// !$*UTF8*$!
{
	archiveVersion = 1;
	classes = {
	};
	objectVersion = 46;
	objects = {

/* Begin PBXBuildFile section */
		866398600FD80051D809473F /* Pods_Mooveeze.framework in Frameworks */ = {isa = PBXBuildFile; fileRef = 4E5C63C5BDF9AB445D21CA85 /* Pods_Mooveeze.framework */; };
		F769F5141DA8162F00C56AFC /* MovieDetailViewController.swift in Sources */ = {isa = PBXBuildFile; fileRef = F769F5131DA8162F00C56AFC /* MovieDetailViewController.swift */; };
		F769F5171DA81EEC00C56AFC /* MovieSummaryDTO.swift in Sources */ = {isa = PBXBuildFile; fileRef = F769F5161DA81EEC00C56AFC /* MovieSummaryDTO.swift */; };
		F77B8D8E1DA8475F002F0A1A /* AppearanceManager.swift in Sources */ = {isa = PBXBuildFile; fileRef = F77B8D8D1DA8475F002F0A1A /* AppearanceManager.swift */; };
		F78088F61DA7560400438525 /* AppDelegate.swift in Sources */ = {isa = PBXBuildFile; fileRef = F78088F51DA7560400438525 /* AppDelegate.swift */; };
		F78088FB1DA7560400438525 /* Main.storyboard in Resources */ = {isa = PBXBuildFile; fileRef = F78088F91DA7560400438525 /* Main.storyboard */; };
		F78088FD1DA7560400438525 /* Assets.xcassets in Resources */ = {isa = PBXBuildFile; fileRef = F78088FC1DA7560400438525 /* Assets.xcassets */; };
		F78089001DA7560400438525 /* LaunchScreen.storyboard in Resources */ = {isa = PBXBuildFile; fileRef = F78088FE1DA7560400438525 /* LaunchScreen.storyboard */; };
		F780890A1DA7564F00438525 /* MoviesViewController.swift in Sources */ = {isa = PBXBuildFile; fileRef = F78089091DA7564F00438525 /* MoviesViewController.swift */; };
		F7A822491DA7630B00A680D8 /* Constants.swift in Sources */ = {isa = PBXBuildFile; fileRef = F7A822481DA7630B00A680D8 /* Constants.swift */; };
		F7A8224B1DA76E2900A680D8 /* JsonDownloader.swift in Sources */ = {isa = PBXBuildFile; fileRef = F7A8224A1DA76E2900A680D8 /* JsonDownloader.swift */; };
		F7BA992A1DA7FD5C00636E6B /* MovieSummaryTableViewCell.swift in Sources */ = {isa = PBXBuildFile; fileRef = F7BA99291DA7FD5C00636E6B /* MovieSummaryTableViewCell.swift */; };
/* End PBXBuildFile section */

/* Begin PBXFileReference section */
		251A8439F2A4175BA9ACC81D /* Pods-Mooveeze.release.xcconfig */ = {isa = PBXFileReference; includeInIndex = 1; lastKnownFileType = text.xcconfig; name = "Pods-Mooveeze.release.xcconfig"; path = "Pods/Target Support Files/Pods-Mooveeze/Pods-Mooveeze.release.xcconfig"; sourceTree = "<group>"; };
		4E5C63C5BDF9AB445D21CA85 /* Pods_Mooveeze.framework */ = {isa = PBXFileReference; explicitFileType = wrapper.framework; includeInIndex = 0; path = Pods_Mooveeze.framework; sourceTree = BUILT_PRODUCTS_DIR; };
		BCE217CC79B4A1553E05E21D /* Pods-Mooveeze.debug.xcconfig */ = {isa = PBXFileReference; includeInIndex = 1; lastKnownFileType = text.xcconfig; name = "Pods-Mooveeze.debug.xcconfig"; path = "Pods/Target Support Files/Pods-Mooveeze/Pods-Mooveeze.debug.xcconfig"; sourceTree = "<group>"; };
		F769F5131DA8162F00C56AFC /* MovieDetailViewController.swift */ = {isa = PBXFileReference; fileEncoding = 4; lastKnownFileType = sourcecode.swift; path = MovieDetailViewController.swift; sourceTree = "<group>"; };
		F769F5161DA81EEC00C56AFC /* MovieSummaryDTO.swift */ = {isa = PBXFileReference; fileEncoding = 4; lastKnownFileType = sourcecode.swift; path = MovieSummaryDTO.swift; sourceTree = "<group>"; };
		F77B8D8D1DA8475F002F0A1A /* AppearanceManager.swift */ = {isa = PBXFileReference; fileEncoding = 4; lastKnownFileType = sourcecode.swift; path = AppearanceManager.swift; sourceTree = "<group>"; };
		F78088F21DA7560400438525 /* Mooveeze.app */ = {isa = PBXFileReference; explicitFileType = wrapper.application; includeInIndex = 0; path = Mooveeze.app; sourceTree = BUILT_PRODUCTS_DIR; };
		F78088F51DA7560400438525 /* AppDelegate.swift */ = {isa = PBXFileReference; lastKnownFileType = sourcecode.swift; path = AppDelegate.swift; sourceTree = "<group>"; };
		F78088FA1DA7560400438525 /* Base */ = {isa = PBXFileReference; lastKnownFileType = file.storyboard; name = Base; path = Base.lproj/Main.storyboard; sourceTree = "<group>"; };
		F78088FC1DA7560400438525 /* Assets.xcassets */ = {isa = PBXFileReference; lastKnownFileType = folder.assetcatalog; path = Assets.xcassets; sourceTree = "<group>"; };
		F78088FF1DA7560400438525 /* Base */ = {isa = PBXFileReference; lastKnownFileType = file.storyboard; name = Base; path = Base.lproj/LaunchScreen.storyboard; sourceTree = "<group>"; };
		F78089011DA7560400438525 /* Info.plist */ = {isa = PBXFileReference; lastKnownFileType = text.plist.xml; path = Info.plist; sourceTree = "<group>"; };
		F78089091DA7564F00438525 /* MoviesViewController.swift */ = {isa = PBXFileReference; fileEncoding = 4; lastKnownFileType = sourcecode.swift; path = MoviesViewController.swift; sourceTree = "<group>"; };
		F7A822481DA7630B00A680D8 /* Constants.swift */ = {isa = PBXFileReference; fileEncoding = 4; lastKnownFileType = sourcecode.swift; path = Constants.swift; sourceTree = "<group>"; };
		F7A8224A1DA76E2900A680D8 /* JsonDownloader.swift */ = {isa = PBXFileReference; fileEncoding = 4; lastKnownFileType = sourcecode.swift; path = JsonDownloader.swift; sourceTree = "<group>"; };
		F7BA99271DA7EC3100636E6B /* README.md */ = {isa = PBXFileReference; fileEncoding = 4; lastKnownFileType = net.daringfireball.markdown; path = README.md; sourceTree = "<group>"; };
		F7BA99291DA7FD5C00636E6B /* MovieSummaryTableViewCell.swift */ = {isa = PBXFileReference; fileEncoding = 4; lastKnownFileType = sourcecode.swift; path = MovieSummaryTableViewCell.swift; sourceTree = "<group>"; };
/* End PBXFileReference section */

/* Begin PBXFrameworksBuildPhase section */
		F78088EF1DA7560400438525 /* Frameworks */ = {
			isa = PBXFrameworksBuildPhase;
			buildActionMask = 2147483647;
			files = (
				866398600FD80051D809473F /* Pods_Mooveeze.framework in Frameworks */,
			);
			runOnlyForDeploymentPostprocessing = 0;
		};
/* End PBXFrameworksBuildPhase section */

/* Begin PBXGroup section */
		5815FDB3A7F97CBFD296D71E /* Pods */ = {
			isa = PBXGroup;
			children = (
				BCE217CC79B4A1553E05E21D /* Pods-Mooveeze.debug.xcconfig */,
				251A8439F2A4175BA9ACC81D /* Pods-Mooveeze.release.xcconfig */,
			);
			name = Pods;
			sourceTree = "<group>";
		};
		A764A239A91D918220678F61 /* Frameworks */ = {
			isa = PBXGroup;
			children = (
				4E5C63C5BDF9AB445D21CA85 /* Pods_Mooveeze.framework */,
			);
			name = Frameworks;
			sourceTree = "<group>";
		};
		F769F5151DA81EA200C56AFC /* Models */ = {
			isa = PBXGroup;
			children = (
				F769F5161DA81EEC00C56AFC /* MovieSummaryDTO.swift */,
			);
			name = Models;
			sourceTree = "<group>";
		};
		F78088E91DA7560400438525 = {
			isa = PBXGroup;
			children = (
				F7BA99271DA7EC3100636E6B /* README.md */,
				F78088F41DA7560400438525 /* Mooveeze */,
				F78088F31DA7560400438525 /* Products */,
				5815FDB3A7F97CBFD296D71E /* Pods */,
				A764A239A91D918220678F61 /* Frameworks */,
			);
			sourceTree = "<group>";
		};
		F78088F31DA7560400438525 /* Products */ = {
			isa = PBXGroup;
			children = (
				F78088F21DA7560400438525 /* Mooveeze.app */,
			);
			name = Products;
			sourceTree = "<group>";
		};
		F78088F41DA7560400438525 /* Mooveeze */ = {
			isa = PBXGroup;
			children = (
				F769F5151DA81EA200C56AFC /* Models */,
				F7A822471DA762FB00A680D8 /* Utils */,
				F78089081DA7562900438525 /* Views */,
				F78089071DA7561900438525 /* ViewControllers */,
				F78088F51DA7560400438525 /* AppDelegate.swift */,
				F78088F91DA7560400438525 /* Main.storyboard */,
				F78088FC1DA7560400438525 /* Assets.xcassets */,
				F78088FE1DA7560400438525 /* LaunchScreen.storyboard */,
				F78089011DA7560400438525 /* Info.plist */,
			);
			path = Mooveeze;
			sourceTree = "<group>";
		};
		F78089071DA7561900438525 /* ViewControllers */ = {
			isa = PBXGroup;
			children = (
				F78089091DA7564F00438525 /* MoviesViewController.swift */,
				F769F5131DA8162F00C56AFC /* MovieDetailViewController.swift */,
			);
			name = ViewControllers;
			sourceTree = "<group>";
		};
		F78089081DA7562900438525 /* Views */ = {
			isa = PBXGroup;
			children = (
				F7BA99291DA7FD5C00636E6B /* MovieSummaryTableViewCell.swift */,
			);
			name = Views;
			sourceTree = "<group>";
		};
		F7A822471DA762FB00A680D8 /* Utils */ = {
			isa = PBXGroup;
			children = (
				F77B8D8D1DA8475F002F0A1A /* AppearanceManager.swift */,
				F7A822481DA7630B00A680D8 /* Constants.swift */,
				F7A8224A1DA76E2900A680D8 /* JsonDownloader.swift */,
			);
			name = Utils;
			sourceTree = "<group>";
		};
/* End PBXGroup section */

/* Begin PBXNativeTarget section */
		F78088F11DA7560400438525 /* Mooveeze */ = {
			isa = PBXNativeTarget;
			buildConfigurationList = F78089041DA7560400438525 /* Build configuration list for PBXNativeTarget "Mooveeze" */;
			buildPhases = (
				BA0A06D58F2707C9D6AF5778 /* [CP] Check Pods Manifest.lock */,
				F78088EE1DA7560400438525 /* Sources */,
				F78088EF1DA7560400438525 /* Frameworks */,
				F78088F01DA7560400438525 /* Resources */,
				B5529F77B2B25A0F03DC27EC /* [CP] Embed Pods Frameworks */,
				ED276E1E61E47EACA4DE3C66 /* [CP] Copy Pods Resources */,
			);
			buildRules = (
			);
			dependencies = (
			);
			name = Mooveeze;
			productName = Mooveeze;
			productReference = F78088F21DA7560400438525 /* Mooveeze.app */;
			productType = "com.apple.product-type.application";
		};
/* End PBXNativeTarget section */

/* Begin PBXProject section */
		F78088EA1DA7560400438525 /* Project object */ = {
			isa = PBXProject;
			attributes = {
				LastSwiftUpdateCheck = 0800;
				LastUpgradeCheck = 0800;
				ORGANIZATIONNAME = Bill;
				TargetAttributes = {
					F78088F11DA7560400438525 = {
						CreatedOnToolsVersion = 8.0;
						ProvisioningStyle = Automatic;
					};
				};
			};
			buildConfigurationList = F78088ED1DA7560400438525 /* Build configuration list for PBXProject "Mooveeze" */;
			compatibilityVersion = "Xcode 3.2";
			developmentRegion = English;
			hasScannedForEncodings = 0;
			knownRegions = (
				en,
				Base,
			);
			mainGroup = F78088E91DA7560400438525;
			productRefGroup = F78088F31DA7560400438525 /* Products */;
			projectDirPath = "";
			projectRoot = "";
			targets = (
				F78088F11DA7560400438525 /* Mooveeze */,
			);
		};
/* End PBXProject section */

/* Begin PBXResourcesBuildPhase section */
		F78088F01DA7560400438525 /* Resources */ = {
			isa = PBXResourcesBuildPhase;
			buildActionMask = 2147483647;
			files = (
				F78089001DA7560400438525 /* LaunchScreen.storyboard in Resources */,
				F78088FD1DA7560400438525 /* Assets.xcassets in Resources */,
				F78088FB1DA7560400438525 /* Main.storyboard in Resources */,
			);
			runOnlyForDeploymentPostprocessing = 0;
		};
/* End PBXResourcesBuildPhase section */

/* Begin PBXShellScriptBuildPhase section */
		B5529F77B2B25A0F03DC27EC /* [CP] Embed Pods Frameworks */ = {
			isa = PBXShellScriptBuildPhase;
			buildActionMask = 2147483647;
			files = (
			);
			inputPaths = (
			);
			name = "[CP] Embed Pods Frameworks";
			outputPaths = (
			);
			runOnlyForDeploymentPostprocessing = 0;
			shellPath = /bin/sh;
			shellScript = "\"${SRCROOT}/Pods/Target Support Files/Pods-Mooveeze/Pods-Mooveeze-frameworks.sh\"\n";
			showEnvVarsInLog = 0;
		};
		BA0A06D58F2707C9D6AF5778 /* [CP] Check Pods Manifest.lock */ = {
			isa = PBXShellScriptBuildPhase;
			buildActionMask = 2147483647;
			files = (
			);
			inputPaths = (
			);
			name = "[CP] Check Pods Manifest.lock";
			outputPaths = (
			);
			runOnlyForDeploymentPostprocessing = 0;
			shellPath = /bin/sh;
			shellScript = "diff \"${PODS_ROOT}/../Podfile.lock\" \"${PODS_ROOT}/Manifest.lock\" > /dev/null\nif [ $? != 0 ] ; then\n    # print error to STDERR\n    echo \"error: The sandbox is not in sync with the Podfile.lock. Run 'pod install' or update your CocoaPods installation.\" >&2\n    exit 1\nfi\n";
			showEnvVarsInLog = 0;
		};
		ED276E1E61E47EACA4DE3C66 /* [CP] Copy Pods Resources */ = {
			isa = PBXShellScriptBuildPhase;
			buildActionMask = 2147483647;
			files = (
			);
			inputPaths = (
			);
			name = "[CP] Copy Pods Resources";
			outputPaths = (
			);
			runOnlyForDeploymentPostprocessing = 0;
			shellPath = /bin/sh;
			shellScript = "\"${SRCROOT}/Pods/Target Support Files/Pods-Mooveeze/Pods-Mooveeze-resources.sh\"\n";
			showEnvVarsInLog = 0;
		};
/* End PBXShellScriptBuildPhase section */

/* Begin PBXSourcesBuildPhase section */
		F78088EE1DA7560400438525 /* Sources */ = {
			isa = PBXSourcesBuildPhase;
			buildActionMask = 2147483647;
			files = (
				F7A8224B1DA76E2900A680D8 /* JsonDownloader.swift in Sources */,
				F78088F61DA7560400438525 /* AppDelegate.swift in Sources */,
				F769F5171DA81EEC00C56AFC /* MovieSummaryDTO.swift in Sources */,
				F780890A1DA7564F00438525 /* MoviesViewController.swift in Sources */,
				F7BA992A1DA7FD5C00636E6B /* MovieSummaryTableViewCell.swift in Sources */,
				F77B8D8E1DA8475F002F0A1A /* AppearanceManager.swift in Sources */,
				F769F5141DA8162F00C56AFC /* MovieDetailViewController.swift in Sources */,
				F7A822491DA7630B00A680D8 /* Constants.swift in Sources */,
			);
			runOnlyForDeploymentPostprocessing = 0;
		};
/* End PBXSourcesBuildPhase section */

/* Begin PBXVariantGroup section */
		F78088F91DA7560400438525 /* Main.storyboard */ = {
			isa = PBXVariantGroup;
			children = (
				F78088FA1DA7560400438525 /* Base */,
			);
			name = Main.storyboard;
			sourceTree = "<group>";
		};
		F78088FE1DA7560400438525 /* LaunchScreen.storyboard */ = {
			isa = PBXVariantGroup;
			children = (
				F78088FF1DA7560400438525 /* Base */,
			);
			name = LaunchScreen.storyboard;
			sourceTree = "<group>";
		};
/* End PBXVariantGroup section */

/* Begin XCBuildConfiguration section */
		F78089021DA7560400438525 /* Debug */ = {
			isa = XCBuildConfiguration;
			buildSettings = {
				ALWAYS_SEARCH_USER_PATHS = NO;
				CLANG_ANALYZER_NONNULL = YES;
				CLANG_CXX_LANGUAGE_STANDARD = "gnu++0x";
				CLANG_CXX_LIBRARY = "libc++";
				CLANG_ENABLE_MODULES = YES;
				CLANG_ENABLE_OBJC_ARC = YES;
				CLANG_WARN_BOOL_CONVERSION = YES;
				CLANG_WARN_CONSTANT_CONVERSION = YES;
				CLANG_WARN_DIRECT_OBJC_ISA_USAGE = YES_ERROR;
				CLANG_WARN_DOCUMENTATION_COMMENTS = YES;
				CLANG_WARN_EMPTY_BODY = YES;
				CLANG_WARN_ENUM_CONVERSION = YES;
				CLANG_WARN_INFINITE_RECURSION = YES;
				CLANG_WARN_INT_CONVERSION = YES;
				CLANG_WARN_OBJC_ROOT_CLASS = YES_ERROR;
				CLANG_WARN_SUSPICIOUS_MOVES = YES;
				CLANG_WARN_UNREACHABLE_CODE = YES;
				CLANG_WARN__DUPLICATE_METHOD_MATCH = YES;
				"CODE_SIGN_IDENTITY[sdk=iphoneos*]" = "iPhone Developer";
				COPY_PHASE_STRIP = NO;
				DEBUG_INFORMATION_FORMAT = dwarf;
				ENABLE_STRICT_OBJC_MSGSEND = YES;
				ENABLE_TESTABILITY = YES;
				GCC_C_LANGUAGE_STANDARD = gnu99;
				GCC_DYNAMIC_NO_PIC = NO;
				GCC_NO_COMMON_BLOCKS = YES;
				GCC_OPTIMIZATION_LEVEL = 0;
				GCC_PREPROCESSOR_DEFINITIONS = (
					"DEBUG=1",
					"$(inherited)",
				);
				GCC_WARN_64_TO_32_BIT_CONVERSION = YES;
				GCC_WARN_ABOUT_RETURN_TYPE = YES_ERROR;
				GCC_WARN_UNDECLARED_SELECTOR = YES;
				GCC_WARN_UNINITIALIZED_AUTOS = YES_AGGRESSIVE;
				GCC_WARN_UNUSED_FUNCTION = YES;
				GCC_WARN_UNUSED_VARIABLE = YES;
				IPHONEOS_DEPLOYMENT_TARGET = 10.0;
				MTL_ENABLE_DEBUG_INFO = YES;
				ONLY_ACTIVE_ARCH = YES;
				SDKROOT = iphoneos;
				SWIFT_ACTIVE_COMPILATION_CONDITIONS = DEBUG;
				SWIFT_OPTIMIZATION_LEVEL = "-Onone";
				TARGETED_DEVICE_FAMILY = "1,2";
			};
			name = Debug;
		};
		F78089031DA7560400438525 /* Release */ = {
			isa = XCBuildConfiguration;
			buildSettings = {
				ALWAYS_SEARCH_USER_PATHS = NO;
				CLANG_ANALYZER_NONNULL = YES;
				CLANG_CXX_LANGUAGE_STANDARD = "gnu++0x";
				CLANG_CXX_LIBRARY = "libc++";
				CLANG_ENABLE_MODULES = YES;
				CLANG_ENABLE_OBJC_ARC = YES;
				CLANG_WARN_BOOL_CONVERSION = YES;
				CLANG_WARN_CONSTANT_CONVERSION = YES;
				CLANG_WARN_DIRECT_OBJC_ISA_USAGE = YES_ERROR;
				CLANG_WARN_DOCUMENTATION_COMMENTS = YES;
				CLANG_WARN_EMPTY_BODY = YES;
				CLANG_WARN_ENUM_CONVERSION = YES;
				CLANG_WARN_INFINITE_RECURSION = YES;
				CLANG_WARN_INT_CONVERSION = YES;
				CLANG_WARN_OBJC_ROOT_CLASS = YES_ERROR;
				CLANG_WARN_SUSPICIOUS_MOVES = YES;
				CLANG_WARN_UNREACHABLE_CODE = YES;
				CLANG_WARN__DUPLICATE_METHOD_MATCH = YES;
				"CODE_SIGN_IDENTITY[sdk=iphoneos*]" = "iPhone Developer";
				COPY_PHASE_STRIP = NO;
				DEBUG_INFORMATION_FORMAT = "dwarf-with-dsym";
				ENABLE_NS_ASSERTIONS = NO;
				ENABLE_STRICT_OBJC_MSGSEND = YES;
				GCC_C_LANGUAGE_STANDARD = gnu99;
				GCC_NO_COMMON_BLOCKS = YES;
				GCC_WARN_64_TO_32_BIT_CONVERSION = YES;
				GCC_WARN_ABOUT_RETURN_TYPE = YES_ERROR;
				GCC_WARN_UNDECLARED_SELECTOR = YES;
				GCC_WARN_UNINITIALIZED_AUTOS = YES_AGGRESSIVE;
				GCC_WARN_UNUSED_FUNCTION = YES;
				GCC_WARN_UNUSED_VARIABLE = YES;
				IPHONEOS_DEPLOYMENT_TARGET = 10.0;
				MTL_ENABLE_DEBUG_INFO = NO;
				SDKROOT = iphoneos;
				SWIFT_OPTIMIZATION_LEVEL = "-Owholemodule";
				TARGETED_DEVICE_FAMILY = "1,2";
				VALIDATE_PRODUCT = YES;
			};
			name = Release;
		};
		F78089051DA7560400438525 /* Debug */ = {
			isa = XCBuildConfiguration;
			baseConfigurationReference = BCE217CC79B4A1553E05E21D /* Pods-Mooveeze.debug.xcconfig */;
			buildSettings = {
				ASSETCATALOG_COMPILER_APPICON_NAME = AppIcon;
				INFOPLIST_FILE = Mooveeze/Info.plist;
				LD_RUNPATH_SEARCH_PATHS = "$(inherited) @executable_path/Frameworks";
				PRODUCT_BUNDLE_IDENTIFIER = com.identiifer.Mooveeze;
				PRODUCT_NAME = "$(TARGET_NAME)";
				SWIFT_VERSION = 3.0;
			};
			name = Debug;
		};
		F78089061DA7560400438525 /* Release */ = {
			isa = XCBuildConfiguration;
			baseConfigurationReference = 251A8439F2A4175BA9ACC81D /* Pods-Mooveeze.release.xcconfig */;
			buildSettings = {
				ASSETCATALOG_COMPILER_APPICON_NAME = AppIcon;
				INFOPLIST_FILE = Mooveeze/Info.plist;
				LD_RUNPATH_SEARCH_PATHS = "$(inherited) @executable_path/Frameworks";
				PRODUCT_BUNDLE_IDENTIFIER = com.identiifer.Mooveeze;
				PRODUCT_NAME = "$(TARGET_NAME)";
				SWIFT_VERSION = 3.0;
			};
			name = Release;
		};
/* End XCBuildConfiguration section */

/* Begin XCConfigurationList section */
		F78088ED1DA7560400438525 /* Build configuration list for PBXProject "Mooveeze" */ = {
			isa = XCConfigurationList;
			buildConfigurations = (
				F78089021DA7560400438525 /* Debug */,
				F78089031DA7560400438525 /* Release */,
			);
			defaultConfigurationIsVisible = 0;
			defaultConfigurationName = Release;
		};
		F78089041DA7560400438525 /* Build configuration list for PBXNativeTarget "Mooveeze" */ = {
			isa = XCConfigurationList;
			buildConfigurations = (
				F78089051DA7560400438525 /* Debug */,
				F78089061DA7560400438525 /* Release */,
			);
			defaultConfigurationIsVisible = 0;
			defaultConfigurationName = Release;
		};
/* End XCConfigurationList section */
	};
	rootObject = F78088EA1DA7560400438525 /* Project object */;
}
